
Microsoft Visual Studio Solution File, Format Version 12.00
# Visual Studio 15
VisualStudioVersion = 15.0.28307.271
MinimumVisualStudioVersion = 10.0.40219.1
Project("{FAE04EC0-301F-11D3-BF4B-00C04F79EFBC}") = "PRESENTACION", "Inmobiliaria\PRESENTACION.csproj", "{FB6C53C1-650A-4727-ADD7-9AC0DF873290}"
EndProject
Project("{FAE04EC0-301F-11D3-BF4B-00C04F79EFBC}") = "BL", "BL\BL.csproj", "{C726C87D-5F1A-4162-B4F8-B72699000381}"
EndProject
Project("{FAE04EC0-301F-11D3-BF4B-00C04F79EFBC}") = "DAL", "DAL\DAL.csproj", "{32D1480E-03F2-4FC4-AB3E-7F1594B2955C}"
EndProject
Project("{FAE04EC0-301F-11D3-BF4B-00C04F79EFBC}") = "ENTIDAD", "ENTIDAD\ENTIDAD.csproj", "{319918AA-9415-4F97-BECF-9498226BE05A}"
EndProject
Global
	GlobalSection(SolutionConfigurationPlatforms) = preSolution
		Debug|Any CPU = Debug|Any CPU
		Release|Any CPU = Release|Any CPU
	EndGlobalSection
	GlobalSection(ProjectConfigurationPlatforms) = postSolution
		{FB6C53C1-650A-4727-ADD7-9AC0DF873290}.Debug|Any CPU.ActiveCfg = Debug|Any CPU
		{FB6C53C1-650A-4727-ADD7-9AC0DF873290}.Debug|Any CPU.Build.0 = Debug|Any CPU
		{FB6C53C1-650A-4727-ADD7-9AC0DF873290}.Release|Any CPU.ActiveCfg = Release|Any CPU
		{FB6C53C1-650A-4727-ADD7-9AC0DF873290}.Release|Any CPU.Build.0 = Release|Any CPU
		{C726C87D-5F1A-4162-B4F8-B72699000381}.Debug|Any CPU.ActiveCfg = Debug|Any CPU
		{C726C87D-5F1A-4162-B4F8-B72699000381}.Debug|Any CPU.Build.0 = Debug|Any CPU
		{C726C87D-5F1A-4162-B4F8-B72699000381}.Release|Any CPU.ActiveCfg = Release|Any CPU
		{C726C87D-5F1A-4162-B4F8-B72699000381}.Release|Any CPU.Build.0 = Release|Any CPU
		{32D1480E-03F2-4FC4-AB3E-7F1594B2955C}.Debug|Any CPU.ActiveCfg = Debug|Any CPU
		{32D1480E-03F2-4FC4-AB3E-7F1594B2955C}.Debug|Any CPU.Build.0 = Debug|Any CPU
		{32D1480E-03F2-4FC4-AB3E-7F1594B2955C}.Release|Any CPU.ActiveCfg = Release|Any CPU
		{32D1480E-03F2-4FC4-AB3E-7F1594B2955C}.Release|Any CPU.Build.0 = Release|Any CPU
		{319918AA-9415-4F97-BECF-9498226BE05A}.Debug|Any CPU.ActiveCfg = Debug|Any CPU
		{319918AA-9415-4F97-BECF-9498226BE05A}.Debug|Any CPU.Build.0 = Debug|Any CPU
		{319918AA-9415-4F97-BECF-9498226BE05A}.Release|Any CPU.ActiveCfg = Release|Any CPU
		{319918AA-9415-4F97-BECF-9498226BE05A}.Release|Any CPU.Build.0 = Release|Any CPU
	EndGlobalSection
	GlobalSection(SolutionProperties) = preSolution
		HideSolutionNode = FALSE
	EndGlobalSection
	GlobalSection(ExtensibilityGlobals) = postSolution
		SolutionGuid = {A9FCB110-93FE-44F6-ADB9-FDBAA33016EA}
	EndGlobalSection
EndGlobal
